<?xml version="1.0" encoding="utf-8"?>
<Project ToolsVersion="4.0" xmlns="http://schemas.microsoft.com/developer/msbuild/2003">
  <!-- 필터 정의 -->
  <!-- C++ 소스 파일 -->
  <ItemGroup>
    <ClCompile Include="main.cpp" />
    <!-- 암호화 핵심 클래스 -->
    <!-- 예제 코드 -->
    <!-- Protobuf 생성 파일 -->
    <ClCompile Include="RSAExample.cpp" />
    <ClCompile Include="AESExample.cpp" />
    <ClCompile Include="HandshakeExample.cpp" />
    <ClCompile Include="ProtobufExample.cpp" />
    <ClCompile Include="crypto_protocol.pb.cc" />
    <ClCompile Include="game_message.pb.cc" />
    <ClCompile Include="PacketTest.cpp" />
  </ItemGroup>
  <!-- 헤더 파일 -->
  <ItemGroup>
    <!-- 암호화 핵심 클래스 -->
    <!-- Protobuf 생성 파일 -->
    <ClInclude Include="ProtobufExample.h" />
    <ClInclude Include="SecureProtocol.h" />
    <ClInclude Include="game_message.pb.h" />
    <ClInclude Include="crypto_protocol.pb.h" />
  </ItemGroup>
  <!-- Proto 파일 -->
  <ItemGroup>
    <None Include="crypto_protocol.proto" />
    <None Include="game_message.proto" />
  </ItemGroup>
</Project>