<?xml version="1.0" encoding="utf-8"?>
<Project ToolsVersion="4.0" xmlns="http://schemas.microsoft.com/developer/msbuild/2003">
  <!-- 필터 정의 -->
  <ItemGroup>
    <Filter Include="Crypto">
      <UniqueIdentifier>{a1b2c3d4-e5f6-7890-1234-567890abcdef}</UniqueIdentifier>
    </Filter>
    <Filter Include="Examples">
      <UniqueIdentifier>{b2c3d4e5-f6g7-8901-2345-678901bcdefg}</UniqueIdentifier>
    </Filter>
    <Filter Include="Protobuf">
      <UniqueIdentifier>{c3d4e5f6-g7h8-9012-3456-789012cdefgh}</UniqueIdentifier>
    </Filter>
    <Filter Include="Protobuf\Generated">
      <UniqueIdentifier>{d4e5f6g7-h8i9-0123-4567-890123defghi}</UniqueIdentifier>
    </Filter>
  </ItemGroup>

  <!-- C++ 소스 파일 -->
  <ItemGroup>
    <ClCompile Include="main.cpp" />
    
    <!-- 암호화 핵심 클래스 -->
    <ClCompile Include="AES128.cpp">
      <Filter>Crypto</Filter>
    </ClCompile>
    <ClCompile Include="RSA2048.cpp">
      <Filter>Crypto</Filter>
    </ClCompile>
    
    <!-- 예제 코드 -->
    <ClCompile Include="AESExample.cpp">
      <Filter>Examples</Filter>
    </ClCompile>
    <ClCompile Include="RSAExample.cpp">
      <Filter>Examples</Filter>
    </ClCompile>
    <ClCompile Include="ProtobufExample.cpp">
      <Filter>Examples</Filter>
    </ClCompile>
    
    <!-- Protobuf 생성 파일 -->
    <ClCompile Include="game_message.pb.cc">
      <Filter>Protobuf\Generated</Filter>
    </ClCompile>
    <ClCompile Include="crypto_protocol.pb.cc">
      <Filter>Protobuf\Generated</Filter>
    </ClCompile>
  </ItemGroup>

  <!-- 헤더 파일 -->
  <ItemGroup>
    <!-- 암호화 핵심 클래스 -->
    <ClInclude Include="AES128.h">
      <Filter>Crypto</Filter>
    </ClInclude>
    <ClInclude Include="RSA2048.h">
      <Filter>Crypto</Filter>
    </ClInclude>
    <ClInclude Include="SecureProtocol.h">
      <Filter>Crypto</Filter>
    </ClInclude>
    
    <!-- Protobuf 생성 파일 -->
    <ClInclude Include="game_message.pb.h">
      <Filter>Protobuf\Generated</Filter>
    </ClInclude>
    <ClInclude Include="crypto_protocol.pb.h">
      <Filter>Protobuf\Generated</Filter>
    </ClInclude>
    <ClInclude Include="ProtobufExample.h">
      <Filter>Examples</Filter>
    </ClInclude>
  </ItemGroup>

  <!-- Proto 파일 -->
  <ItemGroup>
    <None Include="game_message.proto">
      <Filter>Protobuf</Filter>
    </None>
    <None Include="crypto_protocol.proto">
      <Filter>Protobuf</Filter>
    </None>
  </ItemGroup>
</Project>