<?xml version="1.0" encoding="utf-8"?>
<Project ToolsVersion="4.0" xmlns="http://schemas.microsoft.com/developer/msbuild/2003">
  <ItemGroup>
    <Filter Include="core">
      <UniqueIdentifier>{4FC737F1-C7A5-4376-A066-2A32D752A2FF}</UniqueIdentifier>
    </Filter>
    <Filter Include="container">
      <UniqueIdentifier>{93995380-89BD-4b04-88EB-625FBE52EBFB}</UniqueIdentifier>
    </Filter>
    <Filter Include="pool">
      <UniqueIdentifier>{67DA6AB6-F800-4c08-8B7A-83BB121AAD01}</UniqueIdentifier>
    </Filter>
    <Filter Include="timer">
      <UniqueIdentifier>{D4A5E7F8-F4A8-4c2d-9A8B-6F2F3F4F5F6F}</UniqueIdentifier>
    </Filter>
    <Filter Include="network">
      <UniqueIdentifier>{E8B9F2C6-A7D9-4c3e-B9C8-7A3A4A5A6A7A}</UniqueIdentifier>
    </Filter>
    <Filter Include="synchronization">
      <UniqueIdentifier>{F9C2E3D7-B8A6-4d4f-C9D8-8B4B5B6B7B8B}</UniqueIdentifier>
    </Filter>
    <Filter Include="system">
      <UniqueIdentifier>{A1D4F7E2-C9B7-4e5g-D2E9-9C5C6C7C8C9C}</UniqueIdentifier>
    </Filter>
    <Filter Include="algorithm">
      <UniqueIdentifier>{B2E5G8F3-D1C8-4f6h-E3F1-1D6D7D8D9D1D}</UniqueIdentifier>
    </Filter>
    <Filter Include="crypto">
      <UniqueIdentifier>{C3F6H9G4-E2D9-5g7i-F4G2-2E7E8E9E1E2E}</UniqueIdentifier>
    </Filter>
  </ItemGroup>
  <ItemGroup>
    <ClInclude Include="core\base.h">
      <Filter>core</Filter>
    </ClInclude>
    <ClInclude Include="container\LFQueue.h">
      <Filter>container</Filter>
    </ClInclude>
    <ClInclude Include="container\LFStack.h">
      <Filter>container</Filter>
    </ClInclude>
    <ClInclude Include="container\RingBuffer.h">
      <Filter>container</Filter>
    </ClInclude>
    <ClInclude Include="pool\LFObjectPool.h">
      <Filter>pool</Filter>
    </ClInclude>
    <ClInclude Include="pool\LFObjectPoolTLS.h">
      <Filter>pool</Filter>
    </ClInclude>
    <ClInclude Include="pool\ObjectPool.h">
      <Filter>pool</Filter>
    </ClInclude>
    <ClInclude Include="timer\MachineCpuMonitor.h">
      <Filter>timer</Filter>
    </ClInclude>
    <ClInclude Include="timer\PerformanceCounter.h">
      <Filter>timer</Filter>
    </ClInclude>
    <ClInclude Include="timer\ProcessCpuMonitor.h">
      <Filter>timer</Filter>
    </ClInclude>
    <ClInclude Include="timer\Profiler.h">
      <Filter>timer</Filter>
    </ClInclude>
    <ClInclude Include="timer\SlidingWindowCounter.h">
      <Filter>timer</Filter>
    </ClInclude>
    <ClInclude Include="network\ProtocolBuffer.h">
      <Filter>network</Filter>
    </ClInclude>
    <ClInclude Include="synchronization\RecursiveLock.h">
      <Filter>synchronization</Filter>
    </ClInclude>
    <ClInclude Include="system\CrashDump.h">
      <Filter>system</Filter>
    </ClInclude>
    <ClInclude Include="algorithm\Parser.h">
      <Filter>algorithm</Filter>
    </ClInclude>
    <ClInclude Include="algorithm\StringUtils.h">
      <Filter>algorithm</Filter>
    </ClInclude>
    <ClInclude Include="crypto\AES128.h">
      <Filter>crypto</Filter>
    </ClInclude>
    <ClInclude Include="crypto\RSA2048.h">
      <Filter>crypto</Filter>
    </ClInclude>
    <ClInclude Include="synchronization\OnceInitializer.h" />
    <ClInclude Include="synchronization\OnceInitializerPolicies.h" />
    <ClInclude Include="queue\JobQueue.h" />
    <ClInclude Include="queue\PacketJob.h" />
  </ItemGroup>
  <ItemGroup>
    <ClCompile Include="container\RingBuffer.cpp">
      <Filter>container</Filter>
    </ClCompile>
    <ClCompile Include="timer\MachineCpuMonitor.cpp">
      <Filter>timer</Filter>
    </ClCompile>
    <ClCompile Include="timer\PerformanceCounter.cpp">
      <Filter>timer</Filter>
    </ClCompile>
    <ClCompile Include="timer\ProcessCpuMonitor.cpp">
      <Filter>timer</Filter>
    </ClCompile>
    <ClCompile Include="timer\Profiler.cpp">
      <Filter>timer</Filter>
    </ClCompile>
    <ClCompile Include="network\ProtocolBuffer.cpp">
      <Filter>network</Filter>
    </ClCompile>
    <ClCompile Include="synchronization\RecursiveLock.cpp">
      <Filter>synchronization</Filter>
    </ClCompile>
    <ClCompile Include="system\CrashDump.cpp">
      <Filter>system</Filter>
    </ClCompile>
    <ClCompile Include="algorithm\Parser.cpp">
      <Filter>algorithm</Filter>
    </ClCompile>
    <ClCompile Include="algorithm\StringUtils.cpp">
      <Filter>algorithm</Filter>
    </ClCompile>
    <ClCompile Include="crypto\AES128.cpp">
      <Filter>crypto</Filter>
    </ClCompile>
    <ClCompile Include="crypto\RSA2048.cpp">
      <Filter>crypto</Filter>
    </ClCompile>
  </ItemGroup>
</Project>