
Microsoft Visual Studio Solution File, Format Version 12.00
# Visual Studio Version 17
VisualStudioVersion = 17.14.36121.58
MinimumVisualStudioVersion = 10.0.40219.1
Project("{8BC9CEB8-8B4A-11D0-8D11-00A0C91BC942}") = "JunCore", "JunCore\JunCore.vcxproj", "{23033721-38DB-4624-A7DC-891527669BBB}"
EndProject
Project("{8BC9CEB8-8B4A-11D0-8D11-00A0C91BC942}") = "EchoServer", "EchoServer\EchoServer.vcxproj", "{6F53D1F9-27A7-4B75-9310-81FDB8DBB0AD}"
EndProject
Project("{8BC9CEB8-8B4A-11D0-8D11-00A0C91BC942}") = "EchoClient", "EchoClient\EchoClient.vcxproj", "{5E9549B8-CC91-4245-BA6A-431FDB4D18DA}"
EndProject
Project("{8BC9CEB8-8B4A-11D0-8D11-00A0C91BC942}") = "JunCommon", "JunCommon\JunCommon.vcxproj", "{D6BEC493-6610-417F-A90B-EF0CD4AC7411}"
EndProject
Project("{8BC9CEB8-8B4A-11D0-8D11-00A0C91BC942}") = "Test", "Test\Test.vcxproj", "{599B5B8E-5925-458B-BFEE-ACECEB427965}"
EndProject
Global
	GlobalSection(SolutionConfigurationPlatforms) = preSolution
		Debug|x64 = Debug|x64
		Debug|x86 = Debug|x86
		Release|x64 = Release|x64
		Release|x86 = Release|x86
	EndGlobalSection
	GlobalSection(ProjectConfigurationPlatforms) = postSolution
		{23033721-38DB-4624-A7DC-891527669BBB}.Debug|x64.ActiveCfg = Debug|x64
		{23033721-38DB-4624-A7DC-891527669BBB}.Debug|x64.Build.0 = Debug|x64
		{23033721-38DB-4624-A7DC-891527669BBB}.Debug|x86.ActiveCfg = Debug|Win32
		{23033721-38DB-4624-A7DC-891527669BBB}.Debug|x86.Build.0 = Debug|Win32
		{23033721-38DB-4624-A7DC-891527669BBB}.Release|x64.ActiveCfg = Release|x64
		{23033721-38DB-4624-A7DC-891527669BBB}.Release|x64.Build.0 = Release|x64
		{23033721-38DB-4624-A7DC-891527669BBB}.Release|x86.ActiveCfg = Release|Win32
		{23033721-38DB-4624-A7DC-891527669BBB}.Release|x86.Build.0 = Release|Win32
		{6F53D1F9-27A7-4B75-9310-81FDB8DBB0AD}.Debug|x64.ActiveCfg = Debug|x64
		{6F53D1F9-27A7-4B75-9310-81FDB8DBB0AD}.Debug|x64.Build.0 = Debug|x64
		{6F53D1F9-27A7-4B75-9310-81FDB8DBB0AD}.Debug|x86.ActiveCfg = Debug|Win32
		{6F53D1F9-27A7-4B75-9310-81FDB8DBB0AD}.Debug|x86.Build.0 = Debug|Win32
		{6F53D1F9-27A7-4B75-9310-81FDB8DBB0AD}.Release|x64.ActiveCfg = Release|x64
		{6F53D1F9-27A7-4B75-9310-81FDB8DBB0AD}.Release|x64.Build.0 = Release|x64
		{6F53D1F9-27A7-4B75-9310-81FDB8DBB0AD}.Release|x86.ActiveCfg = Release|Win32
		{6F53D1F9-27A7-4B75-9310-81FDB8DBB0AD}.Release|x86.Build.0 = Release|Win32
		{5E9549B8-CC91-4245-BA6A-431FDB4D18DA}.Debug|x64.ActiveCfg = Debug|x64
		{5E9549B8-CC91-4245-BA6A-431FDB4D18DA}.Debug|x64.Build.0 = Debug|x64
		{5E9549B8-CC91-4245-BA6A-431FDB4D18DA}.Debug|x86.ActiveCfg = Debug|Win32
		{5E9549B8-CC91-4245-BA6A-431FDB4D18DA}.Debug|x86.Build.0 = Debug|Win32
		{5E9549B8-CC91-4245-BA6A-431FDB4D18DA}.Release|x64.ActiveCfg = Release|x64
		{5E9549B8-CC91-4245-BA6A-431FDB4D18DA}.Release|x64.Build.0 = Release|x64
		{5E9549B8-CC91-4245-BA6A-431FDB4D18DA}.Release|x86.ActiveCfg = Release|Win32
		{5E9549B8-CC91-4245-BA6A-431FDB4D18DA}.Release|x86.Build.0 = Release|Win32
		{D6BEC493-6610-417F-A90B-EF0CD4AC7411}.Debug|x64.ActiveCfg = Debug|x64
		{D6BEC493-6610-417F-A90B-EF0CD4AC7411}.Debug|x64.Build.0 = Debug|x64
		{D6BEC493-6610-417F-A90B-EF0CD4AC7411}.Debug|x86.ActiveCfg = Debug|Win32
		{D6BEC493-6610-417F-A90B-EF0CD4AC7411}.Debug|x86.Build.0 = Debug|Win32
		{D6BEC493-6610-417F-A90B-EF0CD4AC7411}.Release|x64.ActiveCfg = Release|x64
		{D6BEC493-6610-417F-A90B-EF0CD4AC7411}.Release|x64.Build.0 = Release|x64
		{D6BEC493-6610-417F-A90B-EF0CD4AC7411}.Release|x86.ActiveCfg = Release|Win32
		{D6BEC493-6610-417F-A90B-EF0CD4AC7411}.Release|x86.Build.0 = Release|Win32
		{599B5B8E-5925-458B-BFEE-ACECEB427965}.Debug|x64.ActiveCfg = Debug|x64
		{599B5B8E-5925-458B-BFEE-ACECEB427965}.Debug|x64.Build.0 = Debug|x64
		{599B5B8E-5925-458B-BFEE-ACECEB427965}.Debug|x86.ActiveCfg = Debug|Win32
		{599B5B8E-5925-458B-BFEE-ACECEB427965}.Debug|x86.Build.0 = Debug|Win32
		{599B5B8E-5925-458B-BFEE-ACECEB427965}.Release|x64.ActiveCfg = Release|x64
		{599B5B8E-5925-458B-BFEE-ACECEB427965}.Release|x64.Build.0 = Release|x64
		{599B5B8E-5925-458B-BFEE-ACECEB427965}.Release|x86.ActiveCfg = Release|Win32
		{599B5B8E-5925-458B-BFEE-ACECEB427965}.Release|x86.Build.0 = Release|Win32
	EndGlobalSection
	GlobalSection(SolutionProperties) = preSolution
		HideSolutionNode = FALSE
	EndGlobalSection
	GlobalSection(ExtensibilityGlobals) = postSolution
		SolutionGuid = {267C3977-199C-427D-ABD4-FF752FB9A359}
	EndGlobalSection
EndGlobal
