
Microsoft Visual Studio Solution File, Format Version 12.00
# Visual Studio Version 17
VisualStudioVersion = 17.14.36121.58
MinimumVisualStudioVersion = 10.0.40219.1
Project("{8BC9CEB8-8B4A-11D0-8D11-00A0C91BC942}") = "NetCore", "NetCore\NetCore.vcxproj", "{DE5B341F-C123-48E6-B575-7E10D3515F4B}"
EndProject
Project("{8BC9CEB8-8B4A-11D0-8D11-00A0C91BC942}") = "GameServer", "GameServer\GameServer.vcxproj", "{81C62BEB-F777-479B-A075-2FFD4EAA0E24}"
EndProject
Project("{8BC9CEB8-8B4A-11D0-8D11-00A0C91BC942}") = "TestClient", "TestClient\TestClient.vcxproj", "{A1B2C3D4-E5F6-7890-ABCD-EF1234567890}"
EndProject
Global
	GlobalSection(SolutionConfigurationPlatforms) = preSolution
		Debug|x64 = Debug|x64
		Debug|x86 = Debug|x86
		Release|x64 = Release|x64
		Release|x86 = Release|x86
	EndGlobalSection
	GlobalSection(ProjectConfigurationPlatforms) = postSolution
		{DE5B341F-C123-48E6-B575-7E10D3515F4B}.Debug|x64.ActiveCfg = Debug|x64
		{DE5B341F-C123-48E6-B575-7E10D3515F4B}.Debug|x64.Build.0 = Debug|x64
		{DE5B341F-C123-48E6-B575-7E10D3515F4B}.Debug|x86.ActiveCfg = Debug|Win32
		{DE5B341F-C123-48E6-B575-7E10D3515F4B}.Debug|x86.Build.0 = Debug|Win32
		{DE5B341F-C123-48E6-B575-7E10D3515F4B}.Release|x64.ActiveCfg = Release|x64
		{DE5B341F-C123-48E6-B575-7E10D3515F4B}.Release|x64.Build.0 = Release|x64
		{DE5B341F-C123-48E6-B575-7E10D3515F4B}.Release|x86.ActiveCfg = Release|Win32
		{DE5B341F-C123-48E6-B575-7E10D3515F4B}.Release|x86.Build.0 = Release|Win32
		{81C62BEB-F777-479B-A075-2FFD4EAA0E24}.Debug|x64.ActiveCfg = Debug|x64
		{81C62BEB-F777-479B-A075-2FFD4EAA0E24}.Debug|x64.Build.0 = Debug|x64
		{81C62BEB-F777-479B-A075-2FFD4EAA0E24}.Debug|x86.ActiveCfg = Debug|Win32
		{81C62BEB-F777-479B-A075-2FFD4EAA0E24}.Debug|x86.Build.0 = Debug|Win32
		{81C62BEB-F777-479B-A075-2FFD4EAA0E24}.Release|x64.ActiveCfg = Release|x64
		{81C62BEB-F777-479B-A075-2FFD4EAA0E24}.Release|x64.Build.0 = Release|x64
		{81C62BEB-F777-479B-A075-2FFD4EAA0E24}.Release|x86.ActiveCfg = Release|Win32
		{81C62BEB-F777-479B-A075-2FFD4EAA0E24}.Release|x86.Build.0 = Release|Win32
		{A1B2C3D4-E5F6-7890-ABCD-EF1234567890}.Debug|x64.ActiveCfg = Debug|x64
		{A1B2C3D4-E5F6-7890-ABCD-EF1234567890}.Debug|x64.Build.0 = Debug|x64
		{A1B2C3D4-E5F6-7890-ABCD-EF1234567890}.Debug|x86.ActiveCfg = Debug|Win32
		{A1B2C3D4-E5F6-7890-ABCD-EF1234567890}.Debug|x86.Build.0 = Debug|Win32
		{A1B2C3D4-E5F6-7890-ABCD-EF1234567890}.Release|x64.ActiveCfg = Release|x64
		{A1B2C3D4-E5F6-7890-ABCD-EF1234567890}.Release|x64.Build.0 = Release|x64
		{A1B2C3D4-E5F6-7890-ABCD-EF1234567890}.Release|x86.ActiveCfg = Release|Win32
		{A1B2C3D4-E5F6-7890-ABCD-EF1234567890}.Release|x86.Build.0 = Release|Win32
	EndGlobalSection
	GlobalSection(SolutionProperties) = preSolution
		HideSolutionNode = FALSE
	EndGlobalSection
	GlobalSection(ExtensibilityGlobals) = postSolution
		SolutionGuid = {267C3977-199C-427D-ABD4-FF752FB9A359}
	EndGlobalSection
EndGlobal
